
Microsoft Visual Studio Solution File, Format Version 12.00
# Visual Studio Version 17
VisualStudioVersion = 17.5.002.0
MinimumVisualStudioVersion = 10.0.40219.1
Project("{9A19103F-16F7-4668-BE54-9A1E7A4F7556}") = "auction_api", "auction_api.csproj", "{BF35FF98-8658-499B-B3FB-3632E944C23B}"
EndProject
Global
	GlobalSection(SolutionConfigurationPlatforms) = preSolution
		Debug|Any CPU = Debug|Any CPU
		Release|Any CPU = Release|Any CPU
	EndGlobalSection
	GlobalSection(ProjectConfigurationPlatforms) = postSolution
		{BF35FF98-8658-499B-B3FB-3632E944C23B}.Debug|Any CPU.ActiveCfg = Debug|Any CPU
		{BF35FF98-8658-499B-B3FB-3632E944C23B}.Debug|Any CPU.Build.0 = Debug|Any CPU
		{BF35FF98-8658-499B-B3FB-3632E944C23B}.Release|Any CPU.ActiveCfg = Release|Any CPU
		{BF35FF98-8658-499B-B3FB-3632E944C23B}.Release|Any CPU.Build.0 = Release|Any CPU
	EndGlobalSection
	GlobalSection(SolutionProperties) = preSolution
		HideSolutionNode = FALSE
	EndGlobalSection
	GlobalSection(ExtensibilityGlobals) = postSolution
		SolutionGuid = {A6683E20-943B-4735-ACCC-33C6A19CBA08}
	EndGlobalSection
EndGlobal
